
Microsoft Visual Studio Solution File, Format Version 12.00
# Visual Studio Version 16
VisualStudioVersion = 16.0.30907.101
MinimumVisualStudioVersion = 10.0.40219.1
Project("{FAE04EC0-301F-11D3-BF4B-00C04F79EFBC}") = "Domain", "Domain\Domain.csproj", "{C1F48D5B-9D30-4633-92F0-FDD3DA4C1A84}"
EndProject
Project("{FAE04EC0-301F-11D3-BF4B-00C04F79EFBC}") = "UI", "UI\UI.csproj", "{AD0DCC8C-3D72-4623-98CB-725DC222CF72}"
EndProject
Project("{FAE04EC0-301F-11D3-BF4B-00C04F79EFBC}") = "Tests", "Tests\Tests.csproj", "{3884ADB2-0384-4B7D-8AD4-EA486A070C61}"
EndProject
Project("{FAE04EC0-301F-11D3-BF4B-00C04F79EFBC}") = "Shared", "Shared\Shared.csproj", "{3EF0C25F-B12C-4AE5-8904-4978069171F8}"
EndProject
Project("{FAE04EC0-301F-11D3-BF4B-00C04F79EFBC}") = "Infrastructure", "Infrastructure\Infrastructure.csproj", "{96EB591B-BFFA-49AE-B097-9F042FFE6EF3}"
EndProject
Global
	GlobalSection(SolutionConfigurationPlatforms) = preSolution
		Debug|Any CPU = Debug|Any CPU
		Release|Any CPU = Release|Any CPU
	EndGlobalSection
	GlobalSection(ProjectConfigurationPlatforms) = postSolution
		{C1F48D5B-9D30-4633-92F0-FDD3DA4C1A84}.Debug|Any CPU.ActiveCfg = Debug|Any CPU
		{C1F48D5B-9D30-4633-92F0-FDD3DA4C1A84}.Debug|Any CPU.Build.0 = Debug|Any CPU
		{C1F48D5B-9D30-4633-92F0-FDD3DA4C1A84}.Release|Any CPU.ActiveCfg = Release|Any CPU
		{C1F48D5B-9D30-4633-92F0-FDD3DA4C1A84}.Release|Any CPU.Build.0 = Release|Any CPU
		{AD0DCC8C-3D72-4623-98CB-725DC222CF72}.Debug|Any CPU.ActiveCfg = Debug|Any CPU
		{AD0DCC8C-3D72-4623-98CB-725DC222CF72}.Debug|Any CPU.Build.0 = Debug|Any CPU
		{AD0DCC8C-3D72-4623-98CB-725DC222CF72}.Release|Any CPU.ActiveCfg = Release|Any CPU
		{AD0DCC8C-3D72-4623-98CB-725DC222CF72}.Release|Any CPU.Build.0 = Release|Any CPU
		{3884ADB2-0384-4B7D-8AD4-EA486A070C61}.Debug|Any CPU.ActiveCfg = Debug|Any CPU
		{3884ADB2-0384-4B7D-8AD4-EA486A070C61}.Debug|Any CPU.Build.0 = Debug|Any CPU
		{3884ADB2-0384-4B7D-8AD4-EA486A070C61}.Release|Any CPU.ActiveCfg = Release|Any CPU
		{3884ADB2-0384-4B7D-8AD4-EA486A070C61}.Release|Any CPU.Build.0 = Release|Any CPU
		{3EF0C25F-B12C-4AE5-8904-4978069171F8}.Debug|Any CPU.ActiveCfg = Debug|Any CPU
		{3EF0C25F-B12C-4AE5-8904-4978069171F8}.Debug|Any CPU.Build.0 = Debug|Any CPU
		{3EF0C25F-B12C-4AE5-8904-4978069171F8}.Release|Any CPU.ActiveCfg = Release|Any CPU
		{3EF0C25F-B12C-4AE5-8904-4978069171F8}.Release|Any CPU.Build.0 = Release|Any CPU
		{96EB591B-BFFA-49AE-B097-9F042FFE6EF3}.Debug|Any CPU.ActiveCfg = Debug|Any CPU
		{96EB591B-BFFA-49AE-B097-9F042FFE6EF3}.Debug|Any CPU.Build.0 = Debug|Any CPU
		{96EB591B-BFFA-49AE-B097-9F042FFE6EF3}.Release|Any CPU.ActiveCfg = Release|Any CPU
		{96EB591B-BFFA-49AE-B097-9F042FFE6EF3}.Release|Any CPU.Build.0 = Release|Any CPU
	EndGlobalSection
	GlobalSection(SolutionProperties) = preSolution
		HideSolutionNode = FALSE
	EndGlobalSection
	GlobalSection(ExtensibilityGlobals) = postSolution
		SolutionGuid = {41253A30-4920-4ACB-B0CD-3F4683919863}
	EndGlobalSection
EndGlobal
